
Microsoft Visual Studio Solution File, Format Version 12.00
# Visual Studio Version 17
VisualStudioVersion = 17.0.31919.166
MinimumVisualStudioVersion = 10.0.40219.1
Project("{FAE04EC0-301F-11D3-BF4B-00C04F79EFBC}") = "WebApplication1", "WebApplication1\WebApplication1.csproj", "{D2373A43-1B12-403C-B873-85F70B756122}"
EndProject
Global
	GlobalSection(SolutionConfigurationPlatforms) = preSolution
		Debug|Any CPU = Debug|Any CPU
		Release|Any CPU = Release|Any CPU
	EndGlobalSection
	GlobalSection(ProjectConfigurationPlatforms) = postSolution
		{D2373A43-1B12-403C-B873-85F70B756122}.Debug|Any CPU.ActiveCfg = Debug|Any CPU
		{D2373A43-1B12-403C-B873-85F70B756122}.Debug|Any CPU.Build.0 = Debug|Any CPU
		{D2373A43-1B12-403C-B873-85F70B756122}.Release|Any CPU.ActiveCfg = Release|Any CPU
		{D2373A43-1B12-403C-B873-85F70B756122}.Release|Any CPU.Build.0 = Release|Any CPU
	EndGlobalSection
	GlobalSection(SolutionProperties) = preSolution
		HideSolutionNode = FALSE
	EndGlobalSection
	GlobalSection(ExtensibilityGlobals) = postSolution
		SolutionGuid = {CCF13695-5C72-4C44-A58B-A848A2B63573}
	EndGlobalSection
EndGlobal
